{
  "version": 4,
  "terraform_version": "1.8.4",
  "serial": 4,
  "lineage": "ce09803e-ade9-2cb4-c888-615f20f93f45",
  "outputs": {
    "mysql_database_name": {
      "value": "mysqldb",
      "type": "string"
    },
    "mysql_server_fully_qualified_domain_name": {
      "value": "testdbserver01.mysql.database.azure.com",
      "type": "string"
    },
    "mysql_server_name": {
      "value": "testdbserver01",
      "type": "string"
    }
  },
  "resources": [
    {
      "mode": "managed",
      "type": "azurerm_mysql_flexible_database",
      "name": "example",
      "provider": "provider[\"registry.terraform.io/hashicorp/azurerm\"]",
      "instances": [
        {
          "schema_version": 0,
          "attributes": {
            "charset": "utf8",
            "collation": "utf8_general_ci",
            "id": "/subscriptions/a94bd213-c291-42d6-9b49-42607a658a8c/resourceGroups/my-resource-group/providers/Microsoft.DBforMySQL/flexibleServers/testdbserver01/databases/mysqldb",
            "name": "mysqldb",
            "resource_group_name": "my-resource-group",
            "server_name": "testdbserver01",
            "timeouts": null
          },
          "sensitive_attributes": [],
          "private": "eyJlMmJmYjczMC1lY2FhLTExZTYtOGY4OC0zNDM2M2JjN2M0YzAiOnsiY3JlYXRlIjozNjAwMDAwMDAwMDAwLCJkZWxldGUiOjM2MDAwMDAwMDAwMDAsInJlYWQiOjMwMDAwMDAwMDAwMH19",
          "dependencies": [
            "azurerm_mysql_flexible_server.example",
            "azurerm_resource_group.resourcegroup"
          ]
        }
      ]
    },
    {
      "mode": "managed",
      "type": "azurerm_mysql_flexible_server",
      "name": "example",
      "provider": "provider[\"registry.terraform.io/hashicorp/azurerm\"]",
      "instances": [
        {
          "schema_version": 0,
          "attributes": {
            "administrator_login": "testadmin",
            "administrator_password": "Password@123",
            "backup_retention_days": 7,
            "create_mode": null,
            "customer_managed_key": [],
            "delegated_subnet_id": "",
            "fqdn": "testdbserver01.mysql.database.azure.com",
            "geo_redundant_backup_enabled": false,
            "high_availability": [],
            "id": "/subscriptions/a94bd213-c291-42d6-9b49-42607a658a8c/resourceGroups/my-resource-group/providers/Microsoft.DBforMySQL/flexibleServers/testdbserver01",
            "identity": [],
            "location": "centralindia",
            "maintenance_window": [],
            "name": "testdbserver01",
            "point_in_time_restore_time_in_utc": null,
            "private_dns_zone_id": "",
            "public_network_access_enabled": true,
            "replica_capacity": 10,
            "replication_role": "None",
            "resource_group_name": "my-resource-group",
            "sku_name": "B_Standard_B1s",
            "source_server_id": null,
            "storage": [
              {
                "auto_grow_enabled": true,
                "io_scaling_enabled": false,
                "iops": 360,
                "size_gb": 20
              }
            ],
            "tags": null,
            "timeouts": null,
            "version": "5.7",
            "zone": "2"
          },
          "sensitive_attributes": [
            [
              {
                "type": "get_attr",
                "value": "administrator_password"
              }
            ]
          ],
          "private": "eyJlMmJmYjczMC1lY2FhLTExZTYtOGY4OC0zNDM2M2JjN2M0YzAiOnsiY3JlYXRlIjozNjAwMDAwMDAwMDAwLCJkZWxldGUiOjM2MDAwMDAwMDAwMDAsInJlYWQiOjMwMDAwMDAwMDAwMCwidXBkYXRlIjozNjAwMDAwMDAwMDAwfX0=",
          "dependencies": [
            "azurerm_resource_group.resourcegroup"
          ]
        }
      ]
    },
    {
      "mode": "managed",
      "type": "azurerm_resource_group",
      "name": "resourcegroup",
      "provider": "provider[\"registry.terraform.io/hashicorp/azurerm\"]",
      "instances": [
        {
          "schema_version": 0,
          "attributes": {
            "id": "/subscriptions/a94bd213-c291-42d6-9b49-42607a658a8c/resourceGroups/my-resource-group",
            "location": "centralindia",
            "managed_by": "",
            "name": "my-resource-group",
            "tags": {},
            "timeouts": null
          },
          "sensitive_attributes": [],
          "private": "eyJlMmJmYjczMC1lY2FhLTExZTYtOGY4OC0zNDM2M2JjN2M0YzAiOnsiY3JlYXRlIjo1NDAwMDAwMDAwMDAwLCJkZWxldGUiOjU0MDAwMDAwMDAwMDAsInJlYWQiOjMwMDAwMDAwMDAwMCwidXBkYXRlIjo1NDAwMDAwMDAwMDAwfX0="
        }
      ]
    }
  ],
  "check_results": null
}
